
Microsoft Visual Studio Solution File, Format Version 12.00
# Visual Studio Version 16
VisualStudioVersion = 16.0.30804.86
MinimumVisualStudioVersion = 10.0.40219.1
Project("{FAE04EC0-301F-11D3-BF4B-00C04F79EFBC}") = "lecture 14", "lecture 14.csproj", "{319987EB-8FBF-4209-BF0B-EF62B294FA68}"
EndProject
Global
	GlobalSection(SolutionConfigurationPlatforms) = preSolution
		Debug|Any CPU = Debug|Any CPU
		Release|Any CPU = Release|Any CPU
	EndGlobalSection
	GlobalSection(ProjectConfigurationPlatforms) = postSolution
		{319987EB-8FBF-4209-BF0B-EF62B294FA68}.Debug|Any CPU.ActiveCfg = Debug|Any CPU
		{319987EB-8FBF-4209-BF0B-EF62B294FA68}.Debug|Any CPU.Build.0 = Debug|Any CPU
		{319987EB-8FBF-4209-BF0B-EF62B294FA68}.Release|Any CPU.ActiveCfg = Release|Any CPU
		{319987EB-8FBF-4209-BF0B-EF62B294FA68}.Release|Any CPU.Build.0 = Release|Any CPU
	EndGlobalSection
	GlobalSection(SolutionProperties) = preSolution
		HideSolutionNode = FALSE
	EndGlobalSection
	GlobalSection(ExtensibilityGlobals) = postSolution
		SolutionGuid = {0BBDEE45-DC44-492B-B0F2-BB5BF8E23808}
	EndGlobalSection
EndGlobal
