
Microsoft Visual Studio Solution File, Format Version 12.00
# Visual Studio Version 16
VisualStudioVersion = 16.0.30523.141
MinimumVisualStudioVersion = 10.0.40219.1
Project("{FAE04EC0-301F-11D3-BF4B-00C04F79EFBC}") = "lecture 5", "lecture 5\lecture 5.csproj", "{C38FCD36-0415-49C2-9449-7AA19A82E6BA}"
EndProject
Global
	GlobalSection(SolutionConfigurationPlatforms) = preSolution
		Debug|Any CPU = Debug|Any CPU
		Release|Any CPU = Release|Any CPU
	EndGlobalSection
	GlobalSection(ProjectConfigurationPlatforms) = postSolution
		{C38FCD36-0415-49C2-9449-7AA19A82E6BA}.Debug|Any CPU.ActiveCfg = Debug|Any CPU
		{C38FCD36-0415-49C2-9449-7AA19A82E6BA}.Debug|Any CPU.Build.0 = Debug|Any CPU
		{C38FCD36-0415-49C2-9449-7AA19A82E6BA}.Release|Any CPU.ActiveCfg = Release|Any CPU
		{C38FCD36-0415-49C2-9449-7AA19A82E6BA}.Release|Any CPU.Build.0 = Release|Any CPU
	EndGlobalSection
	GlobalSection(SolutionProperties) = preSolution
		HideSolutionNode = FALSE
	EndGlobalSection
	GlobalSection(ExtensibilityGlobals) = postSolution
		SolutionGuid = {6BCDF177-CCF2-4609-AB9F-72D2BB557AF8}
	EndGlobalSection
EndGlobal
