
Microsoft Visual Studio Solution File, Format Version 12.00
# Visual Studio Version 16
VisualStudioVersion = 16.0.30523.141
MinimumVisualStudioVersion = 10.0.40219.1
Project("{FAE04EC0-301F-11D3-BF4B-00C04F79EFBC}") = "lecture 6", "lecture 6\lecture 6.csproj", "{5E306790-9EBF-4EC8-817D-FE60C34BA060}"
EndProject
Global
	GlobalSection(SolutionConfigurationPlatforms) = preSolution
		Debug|Any CPU = Debug|Any CPU
		Release|Any CPU = Release|Any CPU
	EndGlobalSection
	GlobalSection(ProjectConfigurationPlatforms) = postSolution
		{5E306790-9EBF-4EC8-817D-FE60C34BA060}.Debug|Any CPU.ActiveCfg = Debug|Any CPU
		{5E306790-9EBF-4EC8-817D-FE60C34BA060}.Debug|Any CPU.Build.0 = Debug|Any CPU
		{5E306790-9EBF-4EC8-817D-FE60C34BA060}.Release|Any CPU.ActiveCfg = Release|Any CPU
		{5E306790-9EBF-4EC8-817D-FE60C34BA060}.Release|Any CPU.Build.0 = Release|Any CPU
	EndGlobalSection
	GlobalSection(SolutionProperties) = preSolution
		HideSolutionNode = FALSE
	EndGlobalSection
	GlobalSection(ExtensibilityGlobals) = postSolution
		SolutionGuid = {FB99F439-120D-47D1-891B-F9BF88D34EEA}
	EndGlobalSection
EndGlobal
