
Microsoft Visual Studio Solution File, Format Version 12.00
# Visual Studio Version 16
VisualStudioVersion = 16.0.30523.141
MinimumVisualStudioVersion = 10.0.40219.1
Project("{FAE04EC0-301F-11D3-BF4B-00C04F79EFBC}") = "lecture 10", "lecture 10.csproj", "{0C94B291-4C98-47FA-9C17-40FD8EC81703}"
EndProject
Global
	GlobalSection(SolutionConfigurationPlatforms) = preSolution
		Debug|Any CPU = Debug|Any CPU
		Release|Any CPU = Release|Any CPU
	EndGlobalSection
	GlobalSection(ProjectConfigurationPlatforms) = postSolution
		{0C94B291-4C98-47FA-9C17-40FD8EC81703}.Debug|Any CPU.ActiveCfg = Debug|Any CPU
		{0C94B291-4C98-47FA-9C17-40FD8EC81703}.Debug|Any CPU.Build.0 = Debug|Any CPU
		{0C94B291-4C98-47FA-9C17-40FD8EC81703}.Release|Any CPU.ActiveCfg = Release|Any CPU
		{0C94B291-4C98-47FA-9C17-40FD8EC81703}.Release|Any CPU.Build.0 = Release|Any CPU
	EndGlobalSection
	GlobalSection(SolutionProperties) = preSolution
		HideSolutionNode = FALSE
	EndGlobalSection
	GlobalSection(ExtensibilityGlobals) = postSolution
		SolutionGuid = {8B92BEE4-3201-48CF-BD9D-A0FD1828959D}
	EndGlobalSection
EndGlobal
