
Microsoft Visual Studio Solution File, Format Version 12.00
# Visual Studio Version 16
VisualStudioVersion = 16.0.30804.86
MinimumVisualStudioVersion = 10.0.40219.1
Project("{FAE04EC0-301F-11D3-BF4B-00C04F79EFBC}") = "lecture 13", "lecture 13.csproj", "{BCB81A49-9FFA-4E9B-887F-49597CE0E2C7}"
EndProject
Global
	GlobalSection(SolutionConfigurationPlatforms) = preSolution
		Debug|Any CPU = Debug|Any CPU
		Release|Any CPU = Release|Any CPU
	EndGlobalSection
	GlobalSection(ProjectConfigurationPlatforms) = postSolution
		{BCB81A49-9FFA-4E9B-887F-49597CE0E2C7}.Debug|Any CPU.ActiveCfg = Debug|Any CPU
		{BCB81A49-9FFA-4E9B-887F-49597CE0E2C7}.Debug|Any CPU.Build.0 = Debug|Any CPU
		{BCB81A49-9FFA-4E9B-887F-49597CE0E2C7}.Release|Any CPU.ActiveCfg = Release|Any CPU
		{BCB81A49-9FFA-4E9B-887F-49597CE0E2C7}.Release|Any CPU.Build.0 = Release|Any CPU
	EndGlobalSection
	GlobalSection(SolutionProperties) = preSolution
		HideSolutionNode = FALSE
	EndGlobalSection
	GlobalSection(ExtensibilityGlobals) = postSolution
		SolutionGuid = {AFD9F379-3123-4AC4-9912-BEAE25DC2251}
	EndGlobalSection
EndGlobal
